
Microsoft Visual Studio Solution File, Format Version 12.00
# Visual Studio Version 17
VisualStudioVersion = 17.14.37328.6 d17.14
MinimumVisualStudioVersion = 10.0.40219.1
Project("{FAE04EC0-301F-11D3-BF4B-00C04F79EFBC}") = "PrimeFactorsFunction_Azure Functions + Storage", "PrimeFactorsFunction_Azure Functions + Storage\PrimeFactorsFunction_Azure Functions + Storage.csproj", "{D0EA623E-65AD-437F-B533-B549097A4384}"
EndProject
Global
	GlobalSection(SolutionConfigurationPlatforms) = preSolution
		Debug|Any CPU = Debug|Any CPU
		Release|Any CPU = Release|Any CPU
	EndGlobalSection
	GlobalSection(ProjectConfigurationPlatforms) = postSolution
		{D0EA623E-65AD-437F-B533-B549097A4384}.Debug|Any CPU.ActiveCfg = Debug|Any CPU
		{D0EA623E-65AD-437F-B533-B549097A4384}.Debug|Any CPU.Build.0 = Debug|Any CPU
		{D0EA623E-65AD-437F-B533-B549097A4384}.Release|Any CPU.ActiveCfg = Release|Any CPU
		{D0EA623E-65AD-437F-B533-B549097A4384}.Release|Any CPU.Build.0 = Release|Any CPU
	EndGlobalSection
	GlobalSection(SolutionProperties) = preSolution
		HideSolutionNode = FALSE
	EndGlobalSection
	GlobalSection(ExtensibilityGlobals) = postSolution
		SolutionGuid = {24785DE2-6165-4D63-868A-5DA6B6B86B8A}
	EndGlobalSection
EndGlobal
